
Microsoft Visual Studio Solution File, Format Version 12.00
# Visual Studio Version 17
VisualStudioVersion = 17.0.31903.59
MinimumVisualStudioVersion = 10.0.40219.1
Project("{9A19103F-16F7-4668-BE54-9A1E7A4F7556}") = "Application.PL", "AO_AddonMaker\Application.PL.csproj", "{72F4F879-05AB-47FF-A331-13578FEB4259}"
EndProject
Project("{9A19103F-16F7-4668-BE54-9A1E7A4F7556}") = "Application.BL", "AddonElement\Application.BL.csproj", "{D1982CB6-D9B4-4DE3-917C-A6102B85C8CF}"
EndProject
Project("{9A19103F-16F7-4668-BE54-9A1E7A4F7556}") = "Application.BL.Services", "Application.BL.Services\Application.BL.Services.csproj", "{32B72208-5243-4049-9FA4-687780D3676B}"
EndProject
Project("{9A19103F-16F7-4668-BE54-9A1E7A4F7556}") = "Application.Tests", "Application.Tests\Application.Tests.csproj", "{AD004F99-AD99-4231-8590-8FCC61065F50}"
EndProject
Global
	GlobalSection(SolutionConfigurationPlatforms) = preSolution
		Debug|Any CPU = Debug|Any CPU
		Release|Any CPU = Release|Any CPU
	EndGlobalSection
	GlobalSection(ProjectConfigurationPlatforms) = postSolution
		{72F4F879-05AB-47FF-A331-13578FEB4259}.Debug|Any CPU.ActiveCfg = Debug|Any CPU
		{72F4F879-05AB-47FF-A331-13578FEB4259}.Debug|Any CPU.Build.0 = Debug|Any CPU
		{72F4F879-05AB-47FF-A331-13578FEB4259}.Release|Any CPU.ActiveCfg = Release|Any CPU
		{72F4F879-05AB-47FF-A331-13578FEB4259}.Release|Any CPU.Build.0 = Release|Any CPU
		{D1982CB6-D9B4-4DE3-917C-A6102B85C8CF}.Debug|Any CPU.ActiveCfg = Debug|Any CPU
		{D1982CB6-D9B4-4DE3-917C-A6102B85C8CF}.Debug|Any CPU.Build.0 = Debug|Any CPU
		{D1982CB6-D9B4-4DE3-917C-A6102B85C8CF}.Release|Any CPU.ActiveCfg = Release|Any CPU
		{D1982CB6-D9B4-4DE3-917C-A6102B85C8CF}.Release|Any CPU.Build.0 = Release|Any CPU
		{32B72208-5243-4049-9FA4-687780D3676B}.Debug|Any CPU.ActiveCfg = Debug|Any CPU
		{32B72208-5243-4049-9FA4-687780D3676B}.Debug|Any CPU.Build.0 = Debug|Any CPU
		{32B72208-5243-4049-9FA4-687780D3676B}.Release|Any CPU.ActiveCfg = Release|Any CPU
		{32B72208-5243-4049-9FA4-687780D3676B}.Release|Any CPU.Build.0 = Release|Any CPU
		{AD004F99-AD99-4231-8590-8FCC61065F50}.Debug|Any CPU.ActiveCfg = Debug|Any CPU
		{AD004F99-AD99-4231-8590-8FCC61065F50}.Debug|Any CPU.Build.0 = Debug|Any CPU
		{AD004F99-AD99-4231-8590-8FCC61065F50}.Release|Any CPU.ActiveCfg = Release|Any CPU
		{AD004F99-AD99-4231-8590-8FCC61065F50}.Release|Any CPU.Build.0 = Release|Any CPU
	EndGlobalSection
	GlobalSection(SolutionProperties) = preSolution
		HideSolutionNode = FALSE
	EndGlobalSection
	GlobalSection(ExtensibilityGlobals) = postSolution
		SolutionGuid = {E3FA3C76-3ED2-4FE2-9075-3A67B34998E1}
	EndGlobalSection
EndGlobal
